
Microsoft Visual Studio Solution File, Format Version 12.00
# Visual Studio Version 17
VisualStudioVersion = 17.0.31903.59
MinimumVisualStudioVersion = 10.0.40219.1
Project("{FAE04EC0-301F-11D3-BF4B-00C04F79EFBC}") = "TrainingGround", "TrainingGround\TrainingGround.csproj", "{DF89A9BF-7522-4D0E-B98F-19B1579BEDA4}"
EndProject
Project("{FAE04EC0-301F-11D3-BF4B-00C04F79EFBC}") = "TrainingGround.Tests", "TrainingGround.Tests\TrainingGround.Tests.csproj", "{5D686335-F4D6-47B7-8238-AB393B8FF7CC}"
EndProject
Global
	GlobalSection(SolutionConfigurationPlatforms) = preSolution
		Debug|Any CPU = Debug|Any CPU
		Release|Any CPU = Release|Any CPU
	EndGlobalSection
	GlobalSection(SolutionProperties) = preSolution
		HideSolutionNode = FALSE
	EndGlobalSection
	GlobalSection(ProjectConfigurationPlatforms) = postSolution
		{DF89A9BF-7522-4D0E-B98F-19B1579BEDA4}.Debug|Any CPU.ActiveCfg = Debug|Any CPU
		{DF89A9BF-7522-4D0E-B98F-19B1579BEDA4}.Debug|Any CPU.Build.0 = Debug|Any CPU
		{DF89A9BF-7522-4D0E-B98F-19B1579BEDA4}.Release|Any CPU.ActiveCfg = Release|Any CPU
		{DF89A9BF-7522-4D0E-B98F-19B1579BEDA4}.Release|Any CPU.Build.0 = Release|Any CPU
		{5D686335-F4D6-47B7-8238-AB393B8FF7CC}.Debug|Any CPU.ActiveCfg = Debug|Any CPU
		{5D686335-F4D6-47B7-8238-AB393B8FF7CC}.Debug|Any CPU.Build.0 = Debug|Any CPU
		{5D686335-F4D6-47B7-8238-AB393B8FF7CC}.Release|Any CPU.ActiveCfg = Release|Any CPU
		{5D686335-F4D6-47B7-8238-AB393B8FF7CC}.Release|Any CPU.Build.0 = Release|Any CPU
	EndGlobalSection
EndGlobal
